// !$*UTF8*$!
{
	archiveVersion = 1;
	classes = {
	};
	objectVersion = 46;
	objects = {

/* Begin PBXBuildFile section */
		19ACBD7A0880867DA7F619C5 /* Pods_ChatRealTime.framework in Frameworks */ = {isa = PBXBuildFile; fileRef = E3998CA2D2E726FC1EC26808 /* Pods_ChatRealTime.framework */; };
		2C05C9321D6529BA00288B81 /* ChatInputContainerView.swift in Sources */ = {isa = PBXBuildFile; fileRef = 2C05C9311D6529BA00288B81 /* ChatInputContainerView.swift */; };
		2C1DF8071D4281E800ED990B /* ChatMessageCell.swift in Sources */ = {isa = PBXBuildFile; fileRef = 2C1DF8061D4281E800ED990B /* ChatMessageCell.swift */; };
		2C1E34EC1D349F680081EDC6 /* Message.swift in Sources */ = {isa = PBXBuildFile; fileRef = 2C1E34EB1D349F680081EDC6 /* Message.swift */; };
		2C1E34EF1D34A3620081EDC6 /* UserCell.swift in Sources */ = {isa = PBXBuildFile; fileRef = 2C1E34EE1D34A3620081EDC6 /* UserCell.swift */; };
		2C23D5521D301272003B7414 /* NewMessageController.swift in Sources */ = {isa = PBXBuildFile; fileRef = 2C23D5511D301272003B7414 /* NewMessageController.swift */; };
		2C23D5551D3017E1003B7414 /* User.swift in Sources */ = {isa = PBXBuildFile; fileRef = 2C23D5541D3017E1003B7414 /* User.swift */; };
		2C23D5571D301FAA003B7414 /* LoginController+handlers.swift in Sources */ = {isa = PBXBuildFile; fileRef = 2C23D5561D301FAA003B7414 /* LoginController+handlers.swift */; };
		2C23D55E1D33EE48003B7414 /* Extensions.swift in Sources */ = {isa = PBXBuildFile; fileRef = 2C23D55D1D33EE48003B7414 /* Extensions.swift */; };
		2C23D5601D348A97003B7414 /* ChatLogController.swift in Sources */ = {isa = PBXBuildFile; fileRef = 2C23D55F1D348A97003B7414 /* ChatLogController.swift */; };
		2C82F9311D2C0E06007F3E64 /* AppDelegate.swift in Sources */ = {isa = PBXBuildFile; fileRef = 2C82F9301D2C0E06007F3E64 /* AppDelegate.swift */; };
		2C82F9331D2C0E06007F3E64 /* MessagesController.swift in Sources */ = {isa = PBXBuildFile; fileRef = 2C82F9321D2C0E06007F3E64 /* MessagesController.swift */; };
		2C82F9361D2C0E06007F3E64 /* Main.storyboard in Resources */ = {isa = PBXBuildFile; fileRef = 2C82F9341D2C0E06007F3E64 /* Main.storyboard */; };
		2C82F9381D2C0E06007F3E64 /* Assets.xcassets in Resources */ = {isa = PBXBuildFile; fileRef = 2C82F9371D2C0E06007F3E64 /* Assets.xcassets */; };
		2C82F93B1D2C0E06007F3E64 /* LaunchScreen.storyboard in Resources */ = {isa = PBXBuildFile; fileRef = 2C82F9391D2C0E06007F3E64 /* LaunchScreen.storyboard */; };
		2C82F9601D2C0F8E007F3E64 /* LoginViewController.swift in Sources */ = {isa = PBXBuildFile; fileRef = 2C82F95F1D2C0F8E007F3E64 /* LoginViewController.swift */; };
		2C82F9621D2C6738007F3E64 /* GoogleService-Info.plist in Resources */ = {isa = PBXBuildFile; fileRef = 2C82F9611D2C6738007F3E64 /* GoogleService-Info.plist */; };
/* End PBXBuildFile section */

/* Begin PBXFileReference section */
		2C052E3D1DB59053008DCDED /* ChatRealTime.entitlements */ = {isa = PBXFileReference; lastKnownFileType = text.plist.entitlements; path = ChatRealTime.entitlements; sourceTree = "<group>"; };
		2C05C9311D6529BA00288B81 /* ChatInputContainerView.swift */ = {isa = PBXFileReference; fileEncoding = 4; lastKnownFileType = sourcecode.swift; name = ChatInputContainerView.swift; path = View/ChatInputContainerView.swift; sourceTree = "<group>"; };
		2C1DF8061D4281E800ED990B /* ChatMessageCell.swift */ = {isa = PBXFileReference; fileEncoding = 4; lastKnownFileType = sourcecode.swift; name = ChatMessageCell.swift; path = View/ChatMessageCell.swift; sourceTree = "<group>"; };
		2C1E34EB1D349F680081EDC6 /* Message.swift */ = {isa = PBXFileReference; fileEncoding = 4; lastKnownFileType = sourcecode.swift; name = Message.swift; path = Model/Message.swift; sourceTree = "<group>"; };
		2C1E34EE1D34A3620081EDC6 /* UserCell.swift */ = {isa = PBXFileReference; fileEncoding = 4; lastKnownFileType = sourcecode.swift; name = UserCell.swift; path = View/UserCell.swift; sourceTree = "<group>"; };
		2C23D5511D301272003B7414 /* NewMessageController.swift */ = {isa = PBXFileReference; fileEncoding = 4; lastKnownFileType = sourcecode.swift; name = NewMessageController.swift; path = Controller/NewMessageController.swift; sourceTree = "<group>"; };
		2C23D5541D3017E1003B7414 /* User.swift */ = {isa = PBXFileReference; fileEncoding = 4; lastKnownFileType = sourcecode.swift; name = User.swift; path = Model/User.swift; sourceTree = "<group>"; };
		2C23D5561D301FAA003B7414 /* LoginController+handlers.swift */ = {isa = PBXFileReference; fileEncoding = 4; lastKnownFileType = sourcecode.swift; name = "LoginController+handlers.swift"; path = "Controller/LoginController+handlers.swift"; sourceTree = "<group>"; };
		2C23D55D1D33EE48003B7414 /* Extensions.swift */ = {isa = PBXFileReference; fileEncoding = 4; lastKnownFileType = sourcecode.swift; name = Extensions.swift; path = Helpers/Extensions.swift; sourceTree = "<group>"; };
		2C23D55F1D348A97003B7414 /* ChatLogController.swift */ = {isa = PBXFileReference; fileEncoding = 4; lastKnownFileType = sourcecode.swift; name = ChatLogController.swift; path = Controller/ChatLogController.swift; sourceTree = "<group>"; };
		2C82F92D1D2C0E06007F3E64 /* ChatRealTime.app */ = {isa = PBXFileReference; explicitFileType = wrapper.application; includeInIndex = 0; path = ChatRealTime.app; sourceTree = BUILT_PRODUCTS_DIR; };
		2C82F9301D2C0E06007F3E64 /* AppDelegate.swift */ = {isa = PBXFileReference; lastKnownFileType = sourcecode.swift; path = AppDelegate.swift; sourceTree = "<group>"; };
		2C82F9321D2C0E06007F3E64 /* MessagesController.swift */ = {isa = PBXFileReference; lastKnownFileType = sourcecode.swift; path = MessagesController.swift; sourceTree = "<group>"; };
		2C82F9351D2C0E06007F3E64 /* Base */ = {isa = PBXFileReference; lastKnownFileType = file.storyboard; name = Base; path = Base.lproj/Main.storyboard; sourceTree = "<group>"; };
		2C82F9371D2C0E06007F3E64 /* Assets.xcassets */ = {isa = PBXFileReference; lastKnownFileType = folder.assetcatalog; path = Assets.xcassets; sourceTree = "<group>"; };
		2C82F93A1D2C0E06007F3E64 /* Base */ = {isa = PBXFileReference; lastKnownFileType = file.storyboard; name = Base; path = Base.lproj/LaunchScreen.storyboard; sourceTree = "<group>"; };
		2C82F93C1D2C0E06007F3E64 /* Info.plist */ = {isa = PBXFileReference; lastKnownFileType = text.plist.xml; path = Info.plist; sourceTree = "<group>"; };
		2C82F95F1D2C0F8E007F3E64 /* LoginViewController.swift */ = {isa = PBXFileReference; fileEncoding = 4; lastKnownFileType = sourcecode.swift; name = LoginViewController.swift; path = Controller/LoginViewController.swift; sourceTree = "<group>"; };
		2C82F9611D2C6738007F3E64 /* GoogleService-Info.plist */ = {isa = PBXFileReference; fileEncoding = 4; lastKnownFileType = text.plist.xml; path = "GoogleService-Info.plist"; sourceTree = "<group>"; };
		309F2A7C806E943EC913B2EC /* Pods-ChatRealTimeUITests.release.xcconfig */ = {isa = PBXFileReference; includeInIndex = 1; lastKnownFileType = text.xcconfig; name = "Pods-ChatRealTimeUITests.release.xcconfig"; path = "Pods/Target Support Files/Pods-ChatRealTimeUITests/Pods-ChatRealTimeUITests.release.xcconfig"; sourceTree = "<group>"; };
		3F72BCABDF2F35DA94B55D7F /* Pods_ChatRealTimeUITests.framework */ = {isa = PBXFileReference; explicitFileType = wrapper.framework; includeInIndex = 0; path = Pods_ChatRealTimeUITests.framework; sourceTree = BUILT_PRODUCTS_DIR; };
		409A00A4F10F06FDEFA696EC /* Pods-ChatRealTimeTests.release.xcconfig */ = {isa = PBXFileReference; includeInIndex = 1; lastKnownFileType = text.xcconfig; name = "Pods-ChatRealTimeTests.release.xcconfig"; path = "Pods/Target Support Files/Pods-ChatRealTimeTests/Pods-ChatRealTimeTests.release.xcconfig"; sourceTree = "<group>"; };
		98513DE5AA2A9B6D25DAC827 /* Pods-ChatRealTimeTests.debug.xcconfig */ = {isa = PBXFileReference; includeInIndex = 1; lastKnownFileType = text.xcconfig; name = "Pods-ChatRealTimeTests.debug.xcconfig"; path = "Pods/Target Support Files/Pods-ChatRealTimeTests/Pods-ChatRealTimeTests.debug.xcconfig"; sourceTree = "<group>"; };
		A0AA2E5C574C90F28EF2DEB8 /* Pods-ChatRealTimeUITests.debug.xcconfig */ = {isa = PBXFileReference; includeInIndex = 1; lastKnownFileType = text.xcconfig; name = "Pods-ChatRealTimeUITests.debug.xcconfig"; path = "Pods/Target Support Files/Pods-ChatRealTimeUITests/Pods-ChatRealTimeUITests.debug.xcconfig"; sourceTree = "<group>"; };
		A1F4F31CD770A17308120D0F /* Pods-ChatRealTime.release.xcconfig */ = {isa = PBXFileReference; includeInIndex = 1; lastKnownFileType = text.xcconfig; name = "Pods-ChatRealTime.release.xcconfig"; path = "Pods/Target Support Files/Pods-ChatRealTime/Pods-ChatRealTime.release.xcconfig"; sourceTree = "<group>"; };
		E3998CA2D2E726FC1EC26808 /* Pods_ChatRealTime.framework */ = {isa = PBXFileReference; explicitFileType = wrapper.framework; includeInIndex = 0; path = Pods_ChatRealTime.framework; sourceTree = BUILT_PRODUCTS_DIR; };
		E646252145703E8357CF359A /* Pods-ChatRealTime.debug.xcconfig */ = {isa = PBXFileReference; includeInIndex = 1; lastKnownFileType = text.xcconfig; name = "Pods-ChatRealTime.debug.xcconfig"; path = "Pods/Target Support Files/Pods-ChatRealTime/Pods-ChatRealTime.debug.xcconfig"; sourceTree = "<group>"; };
		FDE467E4A9A6C54CB976CD52 /* Pods_ChatRealTimeTests.framework */ = {isa = PBXFileReference; explicitFileType = wrapper.framework; includeInIndex = 0; path = Pods_ChatRealTimeTests.framework; sourceTree = BUILT_PRODUCTS_DIR; };
/* End PBXFileReference section */

/* Begin PBXFrameworksBuildPhase section */
		2C82F92A1D2C0E06007F3E64 /* Frameworks */ = {
			isa = PBXFrameworksBuildPhase;
			buildActionMask = 2147483647;
			files = (
				19ACBD7A0880867DA7F619C5 /* Pods_ChatRealTime.framework in Frameworks */,
			);
			runOnlyForDeploymentPostprocessing = 0;
		};
/* End PBXFrameworksBuildPhase section */

/* Begin PBXGroup section */
		2C1E34ED1D34A34C0081EDC6 /* View */ = {
			isa = PBXGroup;
			children = (
				2C1E34EE1D34A3620081EDC6 /* UserCell.swift */,
				2C1DF8061D4281E800ED990B /* ChatMessageCell.swift */,
				2C05C9311D6529BA00288B81 /* ChatInputContainerView.swift */,
			);
			name = View;
			sourceTree = "<group>";
		};
		2C23D5531D3017CC003B7414 /* Model */ = {
			isa = PBXGroup;
			children = (
				2C23D5541D3017E1003B7414 /* User.swift */,
				2C1E34EB1D349F680081EDC6 /* Message.swift */,
			);
			name = Model;
			sourceTree = "<group>";
		};
		2C23D55C1D33EE2E003B7414 /* Helpers */ = {
			isa = PBXGroup;
			children = (
				2C23D55D1D33EE48003B7414 /* Extensions.swift */,
			);
			name = Helpers;
			sourceTree = "<group>";
		};
		2C82F9241D2C0E06007F3E64 = {
			isa = PBXGroup;
			children = (
				2C82F92F1D2C0E06007F3E64 /* ChatRealTime */,
				2C82F92E1D2C0E06007F3E64 /* Products */,
				A02D6A82114EEF21D64235A0 /* Pods */,
				892F154E9D46D9C8EA3139F1 /* Frameworks */,
			);
			sourceTree = "<group>";
		};
		2C82F92E1D2C0E06007F3E64 /* Products */ = {
			isa = PBXGroup;
			children = (
				2C82F92D1D2C0E06007F3E64 /* ChatRealTime.app */,
			);
			name = Products;
			sourceTree = "<group>";
		};
		2C82F92F1D2C0E06007F3E64 /* ChatRealTime */ = {
			isa = PBXGroup;
			children = (
				2C052E3D1DB59053008DCDED /* ChatRealTime.entitlements */,
				2C1E34ED1D34A34C0081EDC6 /* View */,
				2C23D55C1D33EE2E003B7414 /* Helpers */,
				2C23D5531D3017CC003B7414 /* Model */,
				2C82F95E1D2C0F48007F3E64 /* Controller */,
				2C82F9301D2C0E06007F3E64 /* AppDelegate.swift */,
				2C82F9341D2C0E06007F3E64 /* Main.storyboard */,
				2C82F9371D2C0E06007F3E64 /* Assets.xcassets */,
				2C82F9391D2C0E06007F3E64 /* LaunchScreen.storyboard */,
				2C82F93C1D2C0E06007F3E64 /* Info.plist */,
				2C82F9611D2C6738007F3E64 /* GoogleService-Info.plist */,
			);
			path = ChatRealTime;
			sourceTree = "<group>";
		};
		2C82F95E1D2C0F48007F3E64 /* Controller */ = {
			isa = PBXGroup;
			children = (
				2C82F95F1D2C0F8E007F3E64 /* LoginViewController.swift */,
				2C82F9321D2C0E06007F3E64 /* MessagesController.swift */,
				2C23D5511D301272003B7414 /* NewMessageController.swift */,
				2C23D5561D301FAA003B7414 /* LoginController+handlers.swift */,
				2C23D55F1D348A97003B7414 /* ChatLogController.swift */,
			);
			name = Controller;
			sourceTree = "<group>";
		};
		892F154E9D46D9C8EA3139F1 /* Frameworks */ = {
			isa = PBXGroup;
			children = (
				E3998CA2D2E726FC1EC26808 /* Pods_ChatRealTime.framework */,
				FDE467E4A9A6C54CB976CD52 /* Pods_ChatRealTimeTests.framework */,
				3F72BCABDF2F35DA94B55D7F /* Pods_ChatRealTimeUITests.framework */,
			);
			name = Frameworks;
			sourceTree = "<group>";
		};
		A02D6A82114EEF21D64235A0 /* Pods */ = {
			isa = PBXGroup;
			children = (
				E646252145703E8357CF359A /* Pods-ChatRealTime.debug.xcconfig */,
				A1F4F31CD770A17308120D0F /* Pods-ChatRealTime.release.xcconfig */,
				98513DE5AA2A9B6D25DAC827 /* Pods-ChatRealTimeTests.debug.xcconfig */,
				409A00A4F10F06FDEFA696EC /* Pods-ChatRealTimeTests.release.xcconfig */,
				A0AA2E5C574C90F28EF2DEB8 /* Pods-ChatRealTimeUITests.debug.xcconfig */,
				309F2A7C806E943EC913B2EC /* Pods-ChatRealTimeUITests.release.xcconfig */,
			);
			name = Pods;
			sourceTree = "<group>";
		};
/* End PBXGroup section */

/* Begin PBXNativeTarget section */
		2C82F92C1D2C0E06007F3E64 /* ChatRealTime */ = {
			isa = PBXNativeTarget;
			buildConfigurationList = 2C82F9551D2C0E06007F3E64 /* Build configuration list for PBXNativeTarget "ChatRealTime" */;
			buildPhases = (
				EF576F9777EB38A8A97A9175 /* [CP] Check Pods Manifest.lock */,
				2C82F9291D2C0E06007F3E64 /* Sources */,
				2C82F92A1D2C0E06007F3E64 /* Frameworks */,
				2C82F92B1D2C0E06007F3E64 /* Resources */,
				46A06F8CB7A2C319BCF95AD9 /* [CP] Embed Pods Frameworks */,
				1CEC46C0B8AA421527553F30 /* [CP] Copy Pods Resources */,
			);
			buildRules = (
			);
			dependencies = (
			);
			name = ChatRealTime;
			productName = ChatRealTime;
			productReference = 2C82F92D1D2C0E06007F3E64 /* ChatRealTime.app */;
			productType = "com.apple.product-type.application";
		};
/* End PBXNativeTarget section */

/* Begin PBXProject section */
		2C82F9251D2C0E06007F3E64 /* Project object */ = {
			isa = PBXProject;
			attributes = {
				LastSwiftUpdateCheck = 0730;
				LastUpgradeCheck = 0800;
				ORGANIZATIONNAME = "Dante Solorio";
				TargetAttributes = {
					2C82F92C1D2C0E06007F3E64 = {
						CreatedOnToolsVersion = 7.3.1;
						DevelopmentTeam = 4MCA4N9ZYA;
						LastSwiftMigration = 0800;
						SystemCapabilities = {
							com.apple.Keychain = {
								enabled = 1;
							};
						};
					};
				};
			};
			buildConfigurationList = 2C82F9281D2C0E06007F3E64 /* Build configuration list for PBXProject "ChatRealTime" */;
			compatibilityVersion = "Xcode 3.2";
			developmentRegion = English;
			hasScannedForEncodings = 0;
			knownRegions = (
				en,
				Base,
			);
			mainGroup = 2C82F9241D2C0E06007F3E64;
			productRefGroup = 2C82F92E1D2C0E06007F3E64 /* Products */;
			projectDirPath = "";
			projectRoot = "";
			targets = (
				2C82F92C1D2C0E06007F3E64 /* ChatRealTime */,
			);
		};
/* End PBXProject section */

/* Begin PBXResourcesBuildPhase section */
		2C82F92B1D2C0E06007F3E64 /* Resources */ = {
			isa = PBXResourcesBuildPhase;
			buildActionMask = 2147483647;
			files = (
				2C82F93B1D2C0E06007F3E64 /* LaunchScreen.storyboard in Resources */,
				2C82F9621D2C6738007F3E64 /* GoogleService-Info.plist in Resources */,
				2C82F9381D2C0E06007F3E64 /* Assets.xcassets in Resources */,
				2C82F9361D2C0E06007F3E64 /* Main.storyboard in Resources */,
			);
			runOnlyForDeploymentPostprocessing = 0;
		};
/* End PBXResourcesBuildPhase section */

/* Begin PBXShellScriptBuildPhase section */
		1CEC46C0B8AA421527553F30 /* [CP] Copy Pods Resources */ = {
			isa = PBXShellScriptBuildPhase;
			buildActionMask = 2147483647;
			files = (
			);
			inputPaths = (
			);
			name = "[CP] Copy Pods Resources";
			outputPaths = (
			);
			runOnlyForDeploymentPostprocessing = 0;
			shellPath = /bin/sh;
			shellScript = "\"${SRCROOT}/Pods/Target Support Files/Pods-ChatRealTime/Pods-ChatRealTime-resources.sh\"\n";
			showEnvVarsInLog = 0;
		};
		46A06F8CB7A2C319BCF95AD9 /* [CP] Embed Pods Frameworks */ = {
			isa = PBXShellScriptBuildPhase;
			buildActionMask = 2147483647;
			files = (
			);
			inputPaths = (
			);
			name = "[CP] Embed Pods Frameworks";
			outputPaths = (
			);
			runOnlyForDeploymentPostprocessing = 0;
			shellPath = /bin/sh;
			shellScript = "\"${SRCROOT}/Pods/Target Support Files/Pods-ChatRealTime/Pods-ChatRealTime-frameworks.sh\"\n";
			showEnvVarsInLog = 0;
		};
		EF576F9777EB38A8A97A9175 /* [CP] Check Pods Manifest.lock */ = {
			isa = PBXShellScriptBuildPhase;
			buildActionMask = 2147483647;
			files = (
			);
			inputPaths = (
			);
			name = "[CP] Check Pods Manifest.lock";
			outputPaths = (
			);
			runOnlyForDeploymentPostprocessing = 0;
			shellPath = /bin/sh;
			shellScript = "diff \"${PODS_PODFILE_DIR_PATH}/Podfile.lock\" \"${PODS_ROOT}/Manifest.lock\" > /dev/null\nif [ $? != 0 ] ; then\n    # print error to STDERR\n    echo \"error: The sandbox is not in sync with the Podfile.lock. Run 'pod install' or update your CocoaPods installation.\" >&2\n    exit 1\nfi\n";
			showEnvVarsInLog = 0;
		};
/* End PBXShellScriptBuildPhase section */

/* Begin PBXSourcesBuildPhase section */
		2C82F9291D2C0E06007F3E64 /* Sources */ = {
			isa = PBXSourcesBuildPhase;
			buildActionMask = 2147483647;
			files = (
				2C23D5601D348A97003B7414 /* ChatLogController.swift in Sources */,
				2C05C9321D6529BA00288B81 /* ChatInputContainerView.swift in Sources */,
				2C23D5521D301272003B7414 /* NewMessageController.swift in Sources */,
				2C82F9601D2C0F8E007F3E64 /* LoginViewController.swift in Sources */,
				2C1E34EC1D349F680081EDC6 /* Message.swift in Sources */,
				2C23D5571D301FAA003B7414 /* LoginController+handlers.swift in Sources */,
				2C82F9331D2C0E06007F3E64 /* MessagesController.swift in Sources */,
				2C23D5551D3017E1003B7414 /* User.swift in Sources */,
				2C1DF8071D4281E800ED990B /* ChatMessageCell.swift in Sources */,
				2C82F9311D2C0E06007F3E64 /* AppDelegate.swift in Sources */,
				2C1E34EF1D34A3620081EDC6 /* UserCell.swift in Sources */,
				2C23D55E1D33EE48003B7414 /* Extensions.swift in Sources */,
			);
			runOnlyForDeploymentPostprocessing = 0;
		};
/* End PBXSourcesBuildPhase section */

/* Begin PBXVariantGroup section */
		2C82F9341D2C0E06007F3E64 /* Main.storyboard */ = {
			isa = PBXVariantGroup;
			children = (
				2C82F9351D2C0E06007F3E64 /* Base */,
			);
			name = Main.storyboard;
			sourceTree = "<group>";
		};
		2C82F9391D2C0E06007F3E64 /* LaunchScreen.storyboard */ = {
			isa = PBXVariantGroup;
			children = (
				2C82F93A1D2C0E06007F3E64 /* Base */,
			);
			name = LaunchScreen.storyboard;
			sourceTree = "<group>";
		};
/* End PBXVariantGroup section */

/* Begin XCBuildConfiguration section */
		2C82F9531D2C0E06007F3E64 /* Debug */ = {
			isa = XCBuildConfiguration;
			buildSettings = {
				ALWAYS_SEARCH_USER_PATHS = NO;
				CLANG_ANALYZER_NONNULL = YES;
				CLANG_CXX_LANGUAGE_STANDARD = "gnu++0x";
				CLANG_CXX_LIBRARY = "libc++";
				CLANG_ENABLE_MODULES = YES;
				CLANG_ENABLE_OBJC_ARC = YES;
				CLANG_WARN_BOOL_CONVERSION = YES;
				CLANG_WARN_CONSTANT_CONVERSION = YES;
				CLANG_WARN_DIRECT_OBJC_ISA_USAGE = YES_ERROR;
				CLANG_WARN_EMPTY_BODY = YES;
				CLANG_WARN_ENUM_CONVERSION = YES;
				CLANG_WARN_INFINITE_RECURSION = YES;
				CLANG_WARN_INT_CONVERSION = YES;
				CLANG_WARN_OBJC_ROOT_CLASS = YES_ERROR;
				CLANG_WARN_SUSPICIOUS_MOVE = YES;
				CLANG_WARN_UNREACHABLE_CODE = YES;
				CLANG_WARN__DUPLICATE_METHOD_MATCH = YES;
				"CODE_SIGN_IDENTITY[sdk=iphoneos*]" = "iPhone Developer";
				COPY_PHASE_STRIP = NO;
				DEBUG_INFORMATION_FORMAT = dwarf;
				ENABLE_STRICT_OBJC_MSGSEND = YES;
				ENABLE_TESTABILITY = YES;
				GCC_C_LANGUAGE_STANDARD = gnu99;
				GCC_DYNAMIC_NO_PIC = NO;
				GCC_NO_COMMON_BLOCKS = YES;
				GCC_OPTIMIZATION_LEVEL = 0;
				GCC_PREPROCESSOR_DEFINITIONS = (
					"DEBUG=1",
					"$(inherited)",
				);
				GCC_WARN_64_TO_32_BIT_CONVERSION = YES;
				GCC_WARN_ABOUT_RETURN_TYPE = YES_ERROR;
				GCC_WARN_UNDECLARED_SELECTOR = YES;
				GCC_WARN_UNINITIALIZED_AUTOS = YES_AGGRESSIVE;
				GCC_WARN_UNUSED_FUNCTION = YES;
				GCC_WARN_UNUSED_VARIABLE = YES;
				IPHONEOS_DEPLOYMENT_TARGET = 9.3;
				MTL_ENABLE_DEBUG_INFO = YES;
				ONLY_ACTIVE_ARCH = YES;
				SDKROOT = iphoneos;
				SWIFT_OPTIMIZATION_LEVEL = "-Onone";
				TARGETED_DEVICE_FAMILY = "1,2";
			};
			name = Debug;
		};
		2C82F9541D2C0E06007F3E64 /* Release */ = {
			isa = XCBuildConfiguration;
			buildSettings = {
				ALWAYS_SEARCH_USER_PATHS = NO;
				CLANG_ANALYZER_NONNULL = YES;
				CLANG_CXX_LANGUAGE_STANDARD = "gnu++0x";
				CLANG_CXX_LIBRARY = "libc++";
				CLANG_ENABLE_MODULES = YES;
				CLANG_ENABLE_OBJC_ARC = YES;
				CLANG_WARN_BOOL_CONVERSION = YES;
				CLANG_WARN_CONSTANT_CONVERSION = YES;
				CLANG_WARN_DIRECT_OBJC_ISA_USAGE = YES_ERROR;
				CLANG_WARN_EMPTY_BODY = YES;
				CLANG_WARN_ENUM_CONVERSION = YES;
				CLANG_WARN_INFINITE_RECURSION = YES;
				CLANG_WARN_INT_CONVERSION = YES;
				CLANG_WARN_OBJC_ROOT_CLASS = YES_ERROR;
				CLANG_WARN_SUSPICIOUS_MOVE = YES;
				CLANG_WARN_UNREACHABLE_CODE = YES;
				CLANG_WARN__DUPLICATE_METHOD_MATCH = YES;
				"CODE_SIGN_IDENTITY[sdk=iphoneos*]" = "iPhone Developer";
				COPY_PHASE_STRIP = NO;
				DEBUG_INFORMATION_FORMAT = "dwarf-with-dsym";
				ENABLE_NS_ASSERTIONS = NO;
				ENABLE_STRICT_OBJC_MSGSEND = YES;
				GCC_C_LANGUAGE_STANDARD = gnu99;
				GCC_NO_COMMON_BLOCKS = YES;
				GCC_WARN_64_TO_32_BIT_CONVERSION = YES;
				GCC_WARN_ABOUT_RETURN_TYPE = YES_ERROR;
				GCC_WARN_UNDECLARED_SELECTOR = YES;
				GCC_WARN_UNINITIALIZED_AUTOS = YES_AGGRESSIVE;
				GCC_WARN_UNUSED_FUNCTION = YES;
				GCC_WARN_UNUSED_VARIABLE = YES;
				IPHONEOS_DEPLOYMENT_TARGET = 9.3;
				MTL_ENABLE_DEBUG_INFO = NO;
				SDKROOT = iphoneos;
				SWIFT_OPTIMIZATION_LEVEL = "-Owholemodule";
				TARGETED_DEVICE_FAMILY = "1,2";
				VALIDATE_PRODUCT = YES;
			};
			name = Release;
		};
		2C82F9561D2C0E06007F3E64 /* Debug */ = {
			isa = XCBuildConfiguration;
			baseConfigurationReference = E646252145703E8357CF359A /* Pods-ChatRealTime.debug.xcconfig */;
			buildSettings = {
				ASSETCATALOG_COMPILER_APPICON_NAME = AppIcon;
				CODE_SIGN_ENTITLEMENTS = ChatRealTime/ChatRealTime.entitlements;
				CODE_SIGN_IDENTITY = "iPhone Developer";
				"CODE_SIGN_IDENTITY[sdk=iphoneos*]" = "iPhone Developer";
				INFOPLIST_FILE = ChatRealTime/Info.plist;
				LD_RUNPATH_SEARCH_PATHS = "$(inherited) @executable_path/Frameworks";
				PRODUCT_BUNDLE_IDENTIFIER = com.dantesolorio.ChatRealTime;
				PRODUCT_NAME = "$(TARGET_NAME)";
				PROVISIONING_PROFILE = "";
				SWIFT_VERSION = 3.0;
			};
			name = Debug;
		};
		2C82F9571D2C0E06007F3E64 /* Release */ = {
			isa = XCBuildConfiguration;
			baseConfigurationReference = A1F4F31CD770A17308120D0F /* Pods-ChatRealTime.release.xcconfig */;
			buildSettings = {
				ASSETCATALOG_COMPILER_APPICON_NAME = AppIcon;
				CODE_SIGN_ENTITLEMENTS = ChatRealTime/ChatRealTime.entitlements;
				CODE_SIGN_IDENTITY = "iPhone Developer";
				"CODE_SIGN_IDENTITY[sdk=iphoneos*]" = "iPhone Developer";
				INFOPLIST_FILE = ChatRealTime/Info.plist;
				LD_RUNPATH_SEARCH_PATHS = "$(inherited) @executable_path/Frameworks";
				PRODUCT_BUNDLE_IDENTIFIER = com.dantesolorio.ChatRealTime;
				PRODUCT_NAME = "$(TARGET_NAME)";
				PROVISIONING_PROFILE = "";
				SWIFT_VERSION = 3.0;
			};
			name = Release;
		};
/* End XCBuildConfiguration section */

/* Begin XCConfigurationList section */
		2C82F9281D2C0E06007F3E64 /* Build configuration list for PBXProject "ChatRealTime" */ = {
			isa = XCConfigurationList;
			buildConfigurations = (
				2C82F9531D2C0E06007F3E64 /* Debug */,
				2C82F9541D2C0E06007F3E64 /* Release */,
			);
			defaultConfigurationIsVisible = 0;
			defaultConfigurationName = Release;
		};
		2C82F9551D2C0E06007F3E64 /* Build configuration list for PBXNativeTarget "ChatRealTime" */ = {
			isa = XCConfigurationList;
			buildConfigurations = (
				2C82F9561D2C0E06007F3E64 /* Debug */,
				2C82F9571D2C0E06007F3E64 /* Release */,
			);
			defaultConfigurationIsVisible = 0;
			defaultConfigurationName = Release;
		};
/* End XCConfigurationList section */
	};
	rootObject = 2C82F9251D2C0E06007F3E64 /* Project object */;
}
