// !$*UTF8*$!
{
	archiveVersion = 1;
	classes = {
	};
	objectVersion = 46;
	objects = {

/* Begin PBXBuildFile section */
		2C82F9311D2C0E06007F3E64 /* AppDelegate.swift in Sources */ = {isa = PBXBuildFile; fileRef = 2C82F9301D2C0E06007F3E64 /* AppDelegate.swift */; };
		2C82F9331D2C0E06007F3E64 /* ViewController.swift in Sources */ = {isa = PBXBuildFile; fileRef = 2C82F9321D2C0E06007F3E64 /* ViewController.swift */; };
		2C82F9361D2C0E06007F3E64 /* Main.storyboard in Resources */ = {isa = PBXBuildFile; fileRef = 2C82F9341D2C0E06007F3E64 /* Main.storyboard */; };
		2C82F9381D2C0E06007F3E64 /* Assets.xcassets in Resources */ = {isa = PBXBuildFile; fileRef = 2C82F9371D2C0E06007F3E64 /* Assets.xcassets */; };
		2C82F93B1D2C0E06007F3E64 /* LaunchScreen.storyboard in Resources */ = {isa = PBXBuildFile; fileRef = 2C82F9391D2C0E06007F3E64 /* LaunchScreen.storyboard */; };
		2C82F9461D2C0E06007F3E64 /* ChatRealTimeTests.swift in Sources */ = {isa = PBXBuildFile; fileRef = 2C82F9451D2C0E06007F3E64 /* ChatRealTimeTests.swift */; };
		2C82F9511D2C0E06007F3E64 /* ChatRealTimeUITests.swift in Sources */ = {isa = PBXBuildFile; fileRef = 2C82F9501D2C0E06007F3E64 /* ChatRealTimeUITests.swift */; };
		2C82F9601D2C0F8E007F3E64 /* LoginViewController.swift in Sources */ = {isa = PBXBuildFile; fileRef = 2C82F95F1D2C0F8E007F3E64 /* LoginViewController.swift */; };
/* End PBXBuildFile section */

/* Begin PBXContainerItemProxy section */
		2C82F9421D2C0E06007F3E64 /* PBXContainerItemProxy */ = {
			isa = PBXContainerItemProxy;
			containerPortal = 2C82F9251D2C0E06007F3E64 /* Project object */;
			proxyType = 1;
			remoteGlobalIDString = 2C82F92C1D2C0E06007F3E64;
			remoteInfo = ChatRealTime;
		};
		2C82F94D1D2C0E06007F3E64 /* PBXContainerItemProxy */ = {
			isa = PBXContainerItemProxy;
			containerPortal = 2C82F9251D2C0E06007F3E64 /* Project object */;
			proxyType = 1;
			remoteGlobalIDString = 2C82F92C1D2C0E06007F3E64;
			remoteInfo = ChatRealTime;
		};
/* End PBXContainerItemProxy section */

/* Begin PBXFileReference section */
		2C82F92D1D2C0E06007F3E64 /* ChatRealTime.app */ = {isa = PBXFileReference; explicitFileType = wrapper.application; includeInIndex = 0; path = ChatRealTime.app; sourceTree = BUILT_PRODUCTS_DIR; };
		2C82F9301D2C0E06007F3E64 /* AppDelegate.swift */ = {isa = PBXFileReference; lastKnownFileType = sourcecode.swift; path = AppDelegate.swift; sourceTree = "<group>"; };
		2C82F9321D2C0E06007F3E64 /* ViewController.swift */ = {isa = PBXFileReference; lastKnownFileType = sourcecode.swift; path = ViewController.swift; sourceTree = "<group>"; };
		2C82F9351D2C0E06007F3E64 /* Base */ = {isa = PBXFileReference; lastKnownFileType = file.storyboard; name = Base; path = Base.lproj/Main.storyboard; sourceTree = "<group>"; };
		2C82F9371D2C0E06007F3E64 /* Assets.xcassets */ = {isa = PBXFileReference; lastKnownFileType = folder.assetcatalog; path = Assets.xcassets; sourceTree = "<group>"; };
		2C82F93A1D2C0E06007F3E64 /* Base */ = {isa = PBXFileReference; lastKnownFileType = file.storyboard; name = Base; path = Base.lproj/LaunchScreen.storyboard; sourceTree = "<group>"; };
		2C82F93C1D2C0E06007F3E64 /* Info.plist */ = {isa = PBXFileReference; lastKnownFileType = text.plist.xml; path = Info.plist; sourceTree = "<group>"; };
		2C82F9411D2C0E06007F3E64 /* ChatRealTimeTests.xctest */ = {isa = PBXFileReference; explicitFileType = wrapper.cfbundle; includeInIndex = 0; path = ChatRealTimeTests.xctest; sourceTree = BUILT_PRODUCTS_DIR; };
		2C82F9451D2C0E06007F3E64 /* ChatRealTimeTests.swift */ = {isa = PBXFileReference; lastKnownFileType = sourcecode.swift; path = ChatRealTimeTests.swift; sourceTree = "<group>"; };
		2C82F9471D2C0E06007F3E64 /* Info.plist */ = {isa = PBXFileReference; lastKnownFileType = text.plist.xml; path = Info.plist; sourceTree = "<group>"; };
		2C82F94C1D2C0E06007F3E64 /* ChatRealTimeUITests.xctest */ = {isa = PBXFileReference; explicitFileType = wrapper.cfbundle; includeInIndex = 0; path = ChatRealTimeUITests.xctest; sourceTree = BUILT_PRODUCTS_DIR; };
		2C82F9501D2C0E06007F3E64 /* ChatRealTimeUITests.swift */ = {isa = PBXFileReference; lastKnownFileType = sourcecode.swift; path = ChatRealTimeUITests.swift; sourceTree = "<group>"; };
		2C82F9521D2C0E06007F3E64 /* Info.plist */ = {isa = PBXFileReference; lastKnownFileType = text.plist.xml; path = Info.plist; sourceTree = "<group>"; };
		2C82F95F1D2C0F8E007F3E64 /* LoginViewController.swift */ = {isa = PBXFileReference; fileEncoding = 4; lastKnownFileType = sourcecode.swift; name = LoginViewController.swift; path = Controller/LoginViewController.swift; sourceTree = "<group>"; };
/* End PBXFileReference section */

/* Begin PBXFrameworksBuildPhase section */
		2C82F92A1D2C0E06007F3E64 /* Frameworks */ = {
			isa = PBXFrameworksBuildPhase;
			buildActionMask = 2147483647;
			files = (
			);
			runOnlyForDeploymentPostprocessing = 0;
		};
		2C82F93E1D2C0E06007F3E64 /* Frameworks */ = {
			isa = PBXFrameworksBuildPhase;
			buildActionMask = 2147483647;
			files = (
			);
			runOnlyForDeploymentPostprocessing = 0;
		};
		2C82F9491D2C0E06007F3E64 /* Frameworks */ = {
			isa = PBXFrameworksBuildPhase;
			buildActionMask = 2147483647;
			files = (
			);
			runOnlyForDeploymentPostprocessing = 0;
		};
/* End PBXFrameworksBuildPhase section */

/* Begin PBXGroup section */
		2C82F9241D2C0E06007F3E64 = {
			isa = PBXGroup;
			children = (
				2C82F92F1D2C0E06007F3E64 /* ChatRealTime */,
				2C82F9441D2C0E06007F3E64 /* ChatRealTimeTests */,
				2C82F94F1D2C0E06007F3E64 /* ChatRealTimeUITests */,
				2C82F92E1D2C0E06007F3E64 /* Products */,
			);
			sourceTree = "<group>";
		};
		2C82F92E1D2C0E06007F3E64 /* Products */ = {
			isa = PBXGroup;
			children = (
				2C82F92D1D2C0E06007F3E64 /* ChatRealTime.app */,
				2C82F9411D2C0E06007F3E64 /* ChatRealTimeTests.xctest */,
				2C82F94C1D2C0E06007F3E64 /* ChatRealTimeUITests.xctest */,
			);
			name = Products;
			sourceTree = "<group>";
		};
		2C82F92F1D2C0E06007F3E64 /* ChatRealTime */ = {
			isa = PBXGroup;
			children = (
				2C82F95E1D2C0F48007F3E64 /* Controller */,
				2C82F9301D2C0E06007F3E64 /* AppDelegate.swift */,
				2C82F9341D2C0E06007F3E64 /* Main.storyboard */,
				2C82F9371D2C0E06007F3E64 /* Assets.xcassets */,
				2C82F9391D2C0E06007F3E64 /* LaunchScreen.storyboard */,
				2C82F93C1D2C0E06007F3E64 /* Info.plist */,
			);
			path = ChatRealTime;
			sourceTree = "<group>";
		};
		2C82F9441D2C0E06007F3E64 /* ChatRealTimeTests */ = {
			isa = PBXGroup;
			children = (
				2C82F9451D2C0E06007F3E64 /* ChatRealTimeTests.swift */,
				2C82F9471D2C0E06007F3E64 /* Info.plist */,
			);
			path = ChatRealTimeTests;
			sourceTree = "<group>";
		};
		2C82F94F1D2C0E06007F3E64 /* ChatRealTimeUITests */ = {
			isa = PBXGroup;
			children = (
				2C82F9501D2C0E06007F3E64 /* ChatRealTimeUITests.swift */,
				2C82F9521D2C0E06007F3E64 /* Info.plist */,
			);
			path = ChatRealTimeUITests;
			sourceTree = "<group>";
		};
		2C82F95E1D2C0F48007F3E64 /* Controller */ = {
			isa = PBXGroup;
			children = (
				2C82F95F1D2C0F8E007F3E64 /* LoginViewController.swift */,
				2C82F9321D2C0E06007F3E64 /* ViewController.swift */,
			);
			name = Controller;
			sourceTree = "<group>";
		};
/* End PBXGroup section */

/* Begin PBXNativeTarget section */
		2C82F92C1D2C0E06007F3E64 /* ChatRealTime */ = {
			isa = PBXNativeTarget;
			buildConfigurationList = 2C82F9551D2C0E06007F3E64 /* Build configuration list for PBXNativeTarget "ChatRealTime" */;
			buildPhases = (
				2C82F9291D2C0E06007F3E64 /* Sources */,
				2C82F92A1D2C0E06007F3E64 /* Frameworks */,
				2C82F92B1D2C0E06007F3E64 /* Resources */,
			);
			buildRules = (
			);
			dependencies = (
			);
			name = ChatRealTime;
			productName = ChatRealTime;
			productReference = 2C82F92D1D2C0E06007F3E64 /* ChatRealTime.app */;
			productType = "com.apple.product-type.application";
		};
		2C82F9401D2C0E06007F3E64 /* ChatRealTimeTests */ = {
			isa = PBXNativeTarget;
			buildConfigurationList = 2C82F9581D2C0E06007F3E64 /* Build configuration list for PBXNativeTarget "ChatRealTimeTests" */;
			buildPhases = (
				2C82F93D1D2C0E06007F3E64 /* Sources */,
				2C82F93E1D2C0E06007F3E64 /* Frameworks */,
				2C82F93F1D2C0E06007F3E64 /* Resources */,
			);
			buildRules = (
			);
			dependencies = (
				2C82F9431D2C0E06007F3E64 /* PBXTargetDependency */,
			);
			name = ChatRealTimeTests;
			productName = ChatRealTimeTests;
			productReference = 2C82F9411D2C0E06007F3E64 /* ChatRealTimeTests.xctest */;
			productType = "com.apple.product-type.bundle.unit-test";
		};
		2C82F94B1D2C0E06007F3E64 /* ChatRealTimeUITests */ = {
			isa = PBXNativeTarget;
			buildConfigurationList = 2C82F95B1D2C0E06007F3E64 /* Build configuration list for PBXNativeTarget "ChatRealTimeUITests" */;
			buildPhases = (
				2C82F9481D2C0E06007F3E64 /* Sources */,
				2C82F9491D2C0E06007F3E64 /* Frameworks */,
				2C82F94A1D2C0E06007F3E64 /* Resources */,
			);
			buildRules = (
			);
			dependencies = (
				2C82F94E1D2C0E06007F3E64 /* PBXTargetDependency */,
			);
			name = ChatRealTimeUITests;
			productName = ChatRealTimeUITests;
			productReference = 2C82F94C1D2C0E06007F3E64 /* ChatRealTimeUITests.xctest */;
			productType = "com.apple.product-type.bundle.ui-testing";
		};
/* End PBXNativeTarget section */

/* Begin PBXProject section */
		2C82F9251D2C0E06007F3E64 /* Project object */ = {
			isa = PBXProject;
			attributes = {
				LastSwiftUpdateCheck = 0730;
				LastUpgradeCheck = 0730;
				ORGANIZATIONNAME = "Dante Solorio";
				TargetAttributes = {
					2C82F92C1D2C0E06007F3E64 = {
						CreatedOnToolsVersion = 7.3.1;
					};
					2C82F9401D2C0E06007F3E64 = {
						CreatedOnToolsVersion = 7.3.1;
						TestTargetID = 2C82F92C1D2C0E06007F3E64;
					};
					2C82F94B1D2C0E06007F3E64 = {
						CreatedOnToolsVersion = 7.3.1;
						TestTargetID = 2C82F92C1D2C0E06007F3E64;
					};
				};
			};
			buildConfigurationList = 2C82F9281D2C0E06007F3E64 /* Build configuration list for PBXProject "ChatRealTime" */;
			compatibilityVersion = "Xcode 3.2";
			developmentRegion = English;
			hasScannedForEncodings = 0;
			knownRegions = (
				en,
				Base,
			);
			mainGroup = 2C82F9241D2C0E06007F3E64;
			productRefGroup = 2C82F92E1D2C0E06007F3E64 /* Products */;
			projectDirPath = "";
			projectRoot = "";
			targets = (
				2C82F92C1D2C0E06007F3E64 /* ChatRealTime */,
				2C82F9401D2C0E06007F3E64 /* ChatRealTimeTests */,
				2C82F94B1D2C0E06007F3E64 /* ChatRealTimeUITests */,
			);
		};
/* End PBXProject section */

/* Begin PBXResourcesBuildPhase section */
		2C82F92B1D2C0E06007F3E64 /* Resources */ = {
			isa = PBXResourcesBuildPhase;
			buildActionMask = 2147483647;
			files = (
				2C82F93B1D2C0E06007F3E64 /* LaunchScreen.storyboard in Resources */,
				2C82F9381D2C0E06007F3E64 /* Assets.xcassets in Resources */,
				2C82F9361D2C0E06007F3E64 /* Main.storyboard in Resources */,
			);
			runOnlyForDeploymentPostprocessing = 0;
		};
		2C82F93F1D2C0E06007F3E64 /* Resources */ = {
			isa = PBXResourcesBuildPhase;
			buildActionMask = 2147483647;
			files = (
			);
			runOnlyForDeploymentPostprocessing = 0;
		};
		2C82F94A1D2C0E06007F3E64 /* Resources */ = {
			isa = PBXResourcesBuildPhase;
			buildActionMask = 2147483647;
			files = (
			);
			runOnlyForDeploymentPostprocessing = 0;
		};
/* End PBXResourcesBuildPhase section */

/* Begin PBXSourcesBuildPhase section */
		2C82F9291D2C0E06007F3E64 /* Sources */ = {
			isa = PBXSourcesBuildPhase;
			buildActionMask = 2147483647;
			files = (
				2C82F9601D2C0F8E007F3E64 /* LoginViewController.swift in Sources */,
				2C82F9331D2C0E06007F3E64 /* ViewController.swift in Sources */,
				2C82F9311D2C0E06007F3E64 /* AppDelegate.swift in Sources */,
			);
			runOnlyForDeploymentPostprocessing = 0;
		};
		2C82F93D1D2C0E06007F3E64 /* Sources */ = {
			isa = PBXSourcesBuildPhase;
			buildActionMask = 2147483647;
			files = (
				2C82F9461D2C0E06007F3E64 /* ChatRealTimeTests.swift in Sources */,
			);
			runOnlyForDeploymentPostprocessing = 0;
		};
		2C82F9481D2C0E06007F3E64 /* Sources */ = {
			isa = PBXSourcesBuildPhase;
			buildActionMask = 2147483647;
			files = (
				2C82F9511D2C0E06007F3E64 /* ChatRealTimeUITests.swift in Sources */,
			);
			runOnlyForDeploymentPostprocessing = 0;
		};
/* End PBXSourcesBuildPhase section */

/* Begin PBXTargetDependency section */
		2C82F9431D2C0E06007F3E64 /* PBXTargetDependency */ = {
			isa = PBXTargetDependency;
			target = 2C82F92C1D2C0E06007F3E64 /* ChatRealTime */;
			targetProxy = 2C82F9421D2C0E06007F3E64 /* PBXContainerItemProxy */;
		};
		2C82F94E1D2C0E06007F3E64 /* PBXTargetDependency */ = {
			isa = PBXTargetDependency;
			target = 2C82F92C1D2C0E06007F3E64 /* ChatRealTime */;
			targetProxy = 2C82F94D1D2C0E06007F3E64 /* PBXContainerItemProxy */;
		};
/* End PBXTargetDependency section */

/* Begin PBXVariantGroup section */
		2C82F9341D2C0E06007F3E64 /* Main.storyboard */ = {
			isa = PBXVariantGroup;
			children = (
				2C82F9351D2C0E06007F3E64 /* Base */,
			);
			name = Main.storyboard;
			sourceTree = "<group>";
		};
		2C82F9391D2C0E06007F3E64 /* LaunchScreen.storyboard */ = {
			isa = PBXVariantGroup;
			children = (
				2C82F93A1D2C0E06007F3E64 /* Base */,
			);
			name = LaunchScreen.storyboard;
			sourceTree = "<group>";
		};
/* End PBXVariantGroup section */

/* Begin XCBuildConfiguration section */
		2C82F9531D2C0E06007F3E64 /* Debug */ = {
			isa = XCBuildConfiguration;
			buildSettings = {
				ALWAYS_SEARCH_USER_PATHS = NO;
				CLANG_ANALYZER_NONNULL = YES;
				CLANG_CXX_LANGUAGE_STANDARD = "gnu++0x";
				CLANG_CXX_LIBRARY = "libc++";
				CLANG_ENABLE_MODULES = YES;
				CLANG_ENABLE_OBJC_ARC = YES;
				CLANG_WARN_BOOL_CONVERSION = YES;
				CLANG_WARN_CONSTANT_CONVERSION = YES;
				CLANG_WARN_DIRECT_OBJC_ISA_USAGE = YES_ERROR;
				CLANG_WARN_EMPTY_BODY = YES;
				CLANG_WARN_ENUM_CONVERSION = YES;
				CLANG_WARN_INT_CONVERSION = YES;
				CLANG_WARN_OBJC_ROOT_CLASS = YES_ERROR;
				CLANG_WARN_UNREACHABLE_CODE = YES;
				CLANG_WARN__DUPLICATE_METHOD_MATCH = YES;
				"CODE_SIGN_IDENTITY[sdk=iphoneos*]" = "iPhone Developer";
				COPY_PHASE_STRIP = NO;
				DEBUG_INFORMATION_FORMAT = dwarf;
				ENABLE_STRICT_OBJC_MSGSEND = YES;
				ENABLE_TESTABILITY = YES;
				GCC_C_LANGUAGE_STANDARD = gnu99;
				GCC_DYNAMIC_NO_PIC = NO;
				GCC_NO_COMMON_BLOCKS = YES;
				GCC_OPTIMIZATION_LEVEL = 0;
				GCC_PREPROCESSOR_DEFINITIONS = (
					"DEBUG=1",
					"$(inherited)",
				);
				GCC_WARN_64_TO_32_BIT_CONVERSION = YES;
				GCC_WARN_ABOUT_RETURN_TYPE = YES_ERROR;
				GCC_WARN_UNDECLARED_SELECTOR = YES;
				GCC_WARN_UNINITIALIZED_AUTOS = YES_AGGRESSIVE;
				GCC_WARN_UNUSED_FUNCTION = YES;
				GCC_WARN_UNUSED_VARIABLE = YES;
				IPHONEOS_DEPLOYMENT_TARGET = 9.3;
				MTL_ENABLE_DEBUG_INFO = YES;
				ONLY_ACTIVE_ARCH = YES;
				SDKROOT = iphoneos;
				SWIFT_OPTIMIZATION_LEVEL = "-Onone";
				TARGETED_DEVICE_FAMILY = "1,2";
			};
			name = Debug;
		};
		2C82F9541D2C0E06007F3E64 /* Release */ = {
			isa = XCBuildConfiguration;
			buildSettings = {
				ALWAYS_SEARCH_USER_PATHS = NO;
				CLANG_ANALYZER_NONNULL = YES;
				CLANG_CXX_LANGUAGE_STANDARD = "gnu++0x";
				CLANG_CXX_LIBRARY = "libc++";
				CLANG_ENABLE_MODULES = YES;
				CLANG_ENABLE_OBJC_ARC = YES;
				CLANG_WARN_BOOL_CONVERSION = YES;
				CLANG_WARN_CONSTANT_CONVERSION = YES;
				CLANG_WARN_DIRECT_OBJC_ISA_USAGE = YES_ERROR;
				CLANG_WARN_EMPTY_BODY = YES;
				CLANG_WARN_ENUM_CONVERSION = YES;
				CLANG_WARN_INT_CONVERSION = YES;
				CLANG_WARN_OBJC_ROOT_CLASS = YES_ERROR;
				CLANG_WARN_UNREACHABLE_CODE = YES;
				CLANG_WARN__DUPLICATE_METHOD_MATCH = YES;
				"CODE_SIGN_IDENTITY[sdk=iphoneos*]" = "iPhone Developer";
				COPY_PHASE_STRIP = NO;
				DEBUG_INFORMATION_FORMAT = "dwarf-with-dsym";
				ENABLE_NS_ASSERTIONS = NO;
				ENABLE_STRICT_OBJC_MSGSEND = YES;
				GCC_C_LANGUAGE_STANDARD = gnu99;
				GCC_NO_COMMON_BLOCKS = YES;
				GCC_WARN_64_TO_32_BIT_CONVERSION = YES;
				GCC_WARN_ABOUT_RETURN_TYPE = YES_ERROR;
				GCC_WARN_UNDECLARED_SELECTOR = YES;
				GCC_WARN_UNINITIALIZED_AUTOS = YES_AGGRESSIVE;
				GCC_WARN_UNUSED_FUNCTION = YES;
				GCC_WARN_UNUSED_VARIABLE = YES;
				IPHONEOS_DEPLOYMENT_TARGET = 9.3;
				MTL_ENABLE_DEBUG_INFO = NO;
				SDKROOT = iphoneos;
				TARGETED_DEVICE_FAMILY = "1,2";
				VALIDATE_PRODUCT = YES;
			};
			name = Release;
		};
		2C82F9561D2C0E06007F3E64 /* Debug */ = {
			isa = XCBuildConfiguration;
			buildSettings = {
				ASSETCATALOG_COMPILER_APPICON_NAME = AppIcon;
				CODE_SIGN_IDENTITY = "iPhone Developer";
				INFOPLIST_FILE = ChatRealTime/Info.plist;
				LD_RUNPATH_SEARCH_PATHS = "$(inherited) @executable_path/Frameworks";
				PRODUCT_BUNDLE_IDENTIFIER = com.dantesolorio.ChatRealTime;
				PRODUCT_NAME = "$(TARGET_NAME)";
			};
			name = Debug;
		};
		2C82F9571D2C0E06007F3E64 /* Release */ = {
			isa = XCBuildConfiguration;
			buildSettings = {
				ASSETCATALOG_COMPILER_APPICON_NAME = AppIcon;
				CODE_SIGN_IDENTITY = "iPhone Developer";
				INFOPLIST_FILE = ChatRealTime/Info.plist;
				LD_RUNPATH_SEARCH_PATHS = "$(inherited) @executable_path/Frameworks";
				PRODUCT_BUNDLE_IDENTIFIER = com.dantesolorio.ChatRealTime;
				PRODUCT_NAME = "$(TARGET_NAME)";
			};
			name = Release;
		};
		2C82F9591D2C0E06007F3E64 /* Debug */ = {
			isa = XCBuildConfiguration;
			buildSettings = {
				BUNDLE_LOADER = "$(TEST_HOST)";
				INFOPLIST_FILE = ChatRealTimeTests/Info.plist;
				LD_RUNPATH_SEARCH_PATHS = "$(inherited) @executable_path/Frameworks @loader_path/Frameworks";
				PRODUCT_BUNDLE_IDENTIFIER = com.dantesolorio.ChatRealTimeTests;
				PRODUCT_NAME = "$(TARGET_NAME)";
				TEST_HOST = "$(BUILT_PRODUCTS_DIR)/ChatRealTime.app/ChatRealTime";
			};
			name = Debug;
		};
		2C82F95A1D2C0E06007F3E64 /* Release */ = {
			isa = XCBuildConfiguration;
			buildSettings = {
				BUNDLE_LOADER = "$(TEST_HOST)";
				INFOPLIST_FILE = ChatRealTimeTests/Info.plist;
				LD_RUNPATH_SEARCH_PATHS = "$(inherited) @executable_path/Frameworks @loader_path/Frameworks";
				PRODUCT_BUNDLE_IDENTIFIER = com.dantesolorio.ChatRealTimeTests;
				PRODUCT_NAME = "$(TARGET_NAME)";
				TEST_HOST = "$(BUILT_PRODUCTS_DIR)/ChatRealTime.app/ChatRealTime";
			};
			name = Release;
		};
		2C82F95C1D2C0E06007F3E64 /* Debug */ = {
			isa = XCBuildConfiguration;
			buildSettings = {
				INFOPLIST_FILE = ChatRealTimeUITests/Info.plist;
				LD_RUNPATH_SEARCH_PATHS = "$(inherited) @executable_path/Frameworks @loader_path/Frameworks";
				PRODUCT_BUNDLE_IDENTIFIER = com.dantesolorio.ChatRealTimeUITests;
				PRODUCT_NAME = "$(TARGET_NAME)";
				TEST_TARGET_NAME = ChatRealTime;
			};
			name = Debug;
		};
		2C82F95D1D2C0E06007F3E64 /* Release */ = {
			isa = XCBuildConfiguration;
			buildSettings = {
				INFOPLIST_FILE = ChatRealTimeUITests/Info.plist;
				LD_RUNPATH_SEARCH_PATHS = "$(inherited) @executable_path/Frameworks @loader_path/Frameworks";
				PRODUCT_BUNDLE_IDENTIFIER = com.dantesolorio.ChatRealTimeUITests;
				PRODUCT_NAME = "$(TARGET_NAME)";
				TEST_TARGET_NAME = ChatRealTime;
			};
			name = Release;
		};
/* End XCBuildConfiguration section */

/* Begin XCConfigurationList section */
		2C82F9281D2C0E06007F3E64 /* Build configuration list for PBXProject "ChatRealTime" */ = {
			isa = XCConfigurationList;
			buildConfigurations = (
				2C82F9531D2C0E06007F3E64 /* Debug */,
				2C82F9541D2C0E06007F3E64 /* Release */,
			);
			defaultConfigurationIsVisible = 0;
			defaultConfigurationName = Release;
		};
		2C82F9551D2C0E06007F3E64 /* Build configuration list for PBXNativeTarget "ChatRealTime" */ = {
			isa = XCConfigurationList;
			buildConfigurations = (
				2C82F9561D2C0E06007F3E64 /* Debug */,
				2C82F9571D2C0E06007F3E64 /* Release */,
			);
			defaultConfigurationIsVisible = 0;
		};
		2C82F9581D2C0E06007F3E64 /* Build configuration list for PBXNativeTarget "ChatRealTimeTests" */ = {
			isa = XCConfigurationList;
			buildConfigurations = (
				2C82F9591D2C0E06007F3E64 /* Debug */,
				2C82F95A1D2C0E06007F3E64 /* Release */,
			);
			defaultConfigurationIsVisible = 0;
		};
		2C82F95B1D2C0E06007F3E64 /* Build configuration list for PBXNativeTarget "ChatRealTimeUITests" */ = {
			isa = XCConfigurationList;
			buildConfigurations = (
				2C82F95C1D2C0E06007F3E64 /* Debug */,
				2C82F95D1D2C0E06007F3E64 /* Release */,
			);
			defaultConfigurationIsVisible = 0;
		};
/* End XCConfigurationList section */
	};
	rootObject = 2C82F9251D2C0E06007F3E64 /* Project object */;
}
